Microsoft Visual Studio Solution File, Format Version 11.00
# Visual Studio 2008

Project("{BA63A764-5F9E-62CB-AB31-E9AF32E466D9}") = "vhaskin1-lab01", "Assembly-CSharp-Editor.csproj", "{EEBB564D-7549-BC21-D58C-4B358B5DF07B}"
EndProject
Global
	GlobalSection(SolutionConfigurationPlatforms) = preSolution
		Debug|Any CPU = Debug|Any CPU
		Release|Any CPU = Release|Any CPU
	EndGlobalSection
	GlobalSection(ProjectConfigurationPlatforms) = postSolution
		{EEBB564D-7549-BC21-D58C-4B358B5DF07B}.Debug|Any CPU.ActiveCfg = Debug|Any CPU
		{EEBB564D-7549-BC21-D58C-4B358B5DF07B}.Debug|Any CPU.Build.0 = Debug|Any CPU
		{EEBB564D-7549-BC21-D58C-4B358B5DF07B}.Release|Any CPU.ActiveCfg = Release|Any CPU
		{EEBB564D-7549-BC21-D58C-4B358B5DF07B}.Release|Any CPU.Build.0 = Release|Any CPU
	EndGlobalSection
	GlobalSection(SolutionProperties) = preSolution
		HideSolutionNode = FALSE
	EndGlobalSection
		GlobalSection(MonoDevelopProperties) = preSolution
		StartupItem = Assembly-CSharp.csproj
		Policies = $0
		$0.TextStylePolicy = $1
		$1.inheritsSet = null
		$1.scope = text/x-csharp
		$0.CSharpFormattingPolicy = $2
		$2.inheritsSet = Mono
		$2.inheritsScope = text/x-csharp
		$2.scope = text/x-csharp
		$0.TextStylePolicy = $3
		$3.FileWidth = 120
		$3.TabWidth = 4
		$3.IndentWidth = 4
		$3.EolMarker = Unix
		$3.inheritsSet = Mono
		$3.inheritsScope = text/plain
		$3.scope = text/plain
	EndGlobalSection

EndGlobal
